
Microsoft Visual Studio Solution File, Format Version 12.00
# Visual Studio Version 17
VisualStudioVersion = 17.3.32922.545
MinimumVisualStudioVersion = 10.0.40219.1
Project("{FAE04EC0-301F-11D3-BF4B-00C04F79EFBC}") = "LinQTest1", "LinQTest1\LinQTest1.csproj", "{6787D5AE-6298-4314-A39F-9902D48FAC36}"
EndProject
Global
	GlobalSection(SolutionConfigurationPlatforms) = preSolution
		Debug|Any CPU = Debug|Any CPU
		Release|Any CPU = Release|Any CPU
	EndGlobalSection
	GlobalSection(ProjectConfigurationPlatforms) = postSolution
		{6787D5AE-6298-4314-A39F-9902D48FAC36}.Debug|Any CPU.ActiveCfg = Debug|Any CPU
		{6787D5AE-6298-4314-A39F-9902D48FAC36}.Debug|Any CPU.Build.0 = Debug|Any CPU
		{6787D5AE-6298-4314-A39F-9902D48FAC36}.Release|Any CPU.ActiveCfg = Release|Any CPU
		{6787D5AE-6298-4314-A39F-9902D48FAC36}.Release|Any CPU.Build.0 = Release|Any CPU
	EndGlobalSection
	GlobalSection(SolutionProperties) = preSolution
		HideSolutionNode = FALSE
	EndGlobalSection
	GlobalSection(ExtensibilityGlobals) = postSolution
		SolutionGuid = {EFA13EEC-EA12-4248-AE3C-632926D468DB}
	EndGlobalSection
EndGlobal
